// !$*UTF8*$!
{
	archiveVersion = 1;
	classes = {
	};
	objectVersion = 46;
	objects = {

/* Begin PBXBuildFile section */
		662ED47616B259EE00CBDBDA /* WebsiteViewController.m in Sources */ = {isa = PBXBuildFile; fileRef = 662ED47516B259EE00CBDBDA /* WebsiteViewController.m */; };
		663725A01724BD1F00ED4396 /* MessageUI.framework in Frameworks */ = {isa = PBXBuildFile; fileRef = 6637259F1724BD1F00ED4396 /* MessageUI.framework */; };
		6684F66A16968C970052A9C5 /* UIKit.framework in Frameworks */ = {isa = PBXBuildFile; fileRef = 6684F66916968C970052A9C5 /* UIKit.framework */; };
		6684F66C16968C980052A9C5 /* Foundation.framework in Frameworks */ = {isa = PBXBuildFile; fileRef = 6684F66B16968C970052A9C5 /* Foundation.framework */; };
		6684F66E16968C980052A9C5 /* CoreGraphics.framework in Frameworks */ = {isa = PBXBuildFile; fileRef = 6684F66D16968C980052A9C5 /* CoreGraphics.framework */; };
		6684F67416968C980052A9C5 /* InfoPlist.strings in Resources */ = {isa = PBXBuildFile; fileRef = 6684F67216968C980052A9C5 /* InfoPlist.strings */; };
		6684F67616968C980052A9C5 /* main.m in Sources */ = {isa = PBXBuildFile; fileRef = 6684F67516968C980052A9C5 /* main.m */; };
		6684F67A16968C980052A9C5 /* AppDelegate.m in Sources */ = {isa = PBXBuildFile; fileRef = 6684F67916968C980052A9C5 /* AppDelegate.m */; };
		6684F68316968C980052A9C5 /* MainStoryboard.storyboard in Resources */ = {isa = PBXBuildFile; fileRef = 6684F68116968C980052A9C5 /* MainStoryboard.storyboard */; };
		6684F68616968C980052A9C5 /* WelcomeViewController.m in Sources */ = {isa = PBXBuildFile; fileRef = 6684F68516968C980052A9C5 /* WelcomeViewController.m */; };
		6684F6A8169691C00052A9C5 /* SGCC-README.md in Resources */ = {isa = PBXBuildFile; fileRef = 6684F6A7169691C00052A9C5 /* SGCC-README.md */; };
		668F5BB618A1B94100045494 /* SermonsTableViewController.m in Sources */ = {isa = PBXBuildFile; fileRef = 668F5BB518A1B94100045494 /* SermonsTableViewController.m */; };
		668F5BB918A1BD7700045494 /* Sermon.m in Sources */ = {isa = PBXBuildFile; fileRef = 668F5BB818A1BD7700045494 /* Sermon.m */; };
		668F5BBC18A1BDF400045494 /* SermonsStore.m in Sources */ = {isa = PBXBuildFile; fileRef = 668F5BBB18A1BDF300045494 /* SermonsStore.m */; };
		66C833F418BD4D5900501530 /* SermonsDataSource.m in Sources */ = {isa = PBXBuildFile; fileRef = 66C833F318BD4D5900501530 /* SermonsDataSource.m */; };
		7199BF7DC8A240819885BC13 /* libPods.a in Frameworks */ = {isa = PBXBuildFile; fileRef = 745F0A26D2904F9285583EE4 /* libPods.a */; };
		F40C13E117CD6F4200F4ED66 /* ArticlesTableViewController.m in Sources */ = {isa = PBXBuildFile; fileRef = F40C13E017CD6F4200F4ED66 /* ArticlesTableViewController.m */; };
		F40C13E517CD71DF00F4ED66 /* ArticlesDataSource.m in Sources */ = {isa = PBXBuildFile; fileRef = F40C13E417CD71DF00F4ED66 /* ArticlesDataSource.m */; };
		F42266B2184E93A300DD93BA /* SystemConfiguration.framework in Frameworks */ = {isa = PBXBuildFile; fileRef = F42266B1184E93A300DD93BA /* SystemConfiguration.framework */; };
		F454934017BAEBC3007CA94D /* TabBarControllerDelegate.m in Sources */ = {isa = PBXBuildFile; fileRef = F454933F17BAEBC3007CA94D /* TabBarControllerDelegate.m */; };
		F45F39EF17F25A9A00668E4A /* ArticlesStore.m in Sources */ = {isa = PBXBuildFile; fileRef = F45F39EE17F25A9A00668E4A /* ArticlesStore.m */; };
		F4786E99187CC0E20021308A /* Parse.framework in Frameworks */ = {isa = PBXBuildFile; fileRef = F4786E98187CC0E20021308A /* Parse.framework */; };
		F4786E9B187CC12C0021308A /* AudioToolbox.framework in Frameworks */ = {isa = PBXBuildFile; fileRef = F4786E9A187CC12C0021308A /* AudioToolbox.framework */; };
		F4786E9D187CC1360021308A /* CFNetwork.framework in Frameworks */ = {isa = PBXBuildFile; fileRef = F4786E9C187CC1360021308A /* CFNetwork.framework */; };
		F4786E9F187CC1560021308A /* libz.1.1.3.dylib in Frameworks */ = {isa = PBXBuildFile; fileRef = F4786E9E187CC1560021308A /* libz.1.1.3.dylib */; };
		F4786EA1187CC1600021308A /* MobileCoreServices.framework in Frameworks */ = {isa = PBXBuildFile; fileRef = F4786EA0187CC1600021308A /* MobileCoreServices.framework */; };
		F4786EA3187CC16D0021308A /* QuartzCore.framework in Frameworks */ = {isa = PBXBuildFile; fileRef = F4786EA2187CC16D0021308A /* QuartzCore.framework */; };
		F4786EA5187CC1770021308A /* Security.framework in Frameworks */ = {isa = PBXBuildFile; fileRef = F4786EA4187CC1760021308A /* Security.framework */; };
		F4786EA7187CC1800021308A /* StoreKit.framework in Frameworks */ = {isa = PBXBuildFile; fileRef = F4786EA6187CC1800021308A /* StoreKit.framework */; };
		F4786EBD187CD9470021308A /* libTestFlight.a in Frameworks */ = {isa = PBXBuildFile; fileRef = F4786EB7187CD9470021308A /* libTestFlight.a */; };
		F4786EBE187CD9470021308A /* README.md in Resources */ = {isa = PBXBuildFile; fileRef = F4786EB8187CD9470021308A /* README.md */; };
		F4786EBF187CD9470021308A /* release_notes.md in Resources */ = {isa = PBXBuildFile; fileRef = F4786EB9187CD9470021308A /* release_notes.md */; };
		F47C7136180DF8F9008579A3 /* CoreData.framework in Frameworks */ = {isa = PBXBuildFile; fileRef = F47C7135180DF8F9008579A3 /* CoreData.framework */; };
		F47C7139181724E2008579A3 /* Article.m in Sources */ = {isa = PBXBuildFile; fileRef = F47C7138181724E2008579A3 /* Article.m */; };
		F483EB1819072ECF0041D1D8 /* DownloadCell.m in Sources */ = {isa = PBXBuildFile; fileRef = F483EB1719072ECF0041D1D8 /* DownloadCell.m */; };
		F4915F4817C4192E00071615 /* AboutUs.rtf in Resources */ = {isa = PBXBuildFile; fileRef = F4915F4717C4192E00071615 /* AboutUs.rtf */; };
		F497C96619354D3D0024848F /* MediaPlayer.framework in Frameworks */ = {isa = PBXBuildFile; fileRef = F497C96519354D3D0024848F /* MediaPlayer.framework */; };
		F4A2960918F49E7B00D781FE /* AVFoundation.framework in Frameworks */ = {isa = PBXBuildFile; fileRef = F4A2960818F49E7B00D781FE /* AVFoundation.framework */; };
		F4A2960B18F49F0500D781FE /* CoreMedia.framework in Frameworks */ = {isa = PBXBuildFile; fileRef = F4A2960A18F49F0500D781FE /* CoreMedia.framework */; };
		F4A2961118F4ABC500D781FE /* AudioPlayerViewController.m in Sources */ = {isa = PBXBuildFile; fileRef = F4A2961018F4ABC500D781FE /* AudioPlayerViewController.m */; };
		F4B121581804B26E0039BE7E /* Badger.m in Sources */ = {isa = PBXBuildFile; fileRef = F4B121571804B26E0039BE7E /* Badger.m */; };
		F4B1215B1804D0E50039BE7E /* SGCC.xcdatamodeld in Sources */ = {isa = PBXBuildFile; fileRef = F4B121591804D0E50039BE7E /* SGCC.xcdatamodeld */; };
		F4B2AF9D18F4BF740007FE70 /* code_monkey.mp3 in Resources */ = {isa = PBXBuildFile; fileRef = F4B2AF9C18F4BF740007FE70 /* code_monkey.mp3 */; };
		F4B6050B17CD4C6400011355 /* Images.xcassets in Resources */ = {isa = PBXBuildFile; fileRef = F4B6050A17CD4C6400011355 /* Images.xcassets */; };
		F4B6050E17CD597600011355 /* VisitViewController.m in Sources */ = {isa = PBXBuildFile; fileRef = F4B6050D17CD597600011355 /* VisitViewController.m */; };
		F4B6051017CD5B9C00011355 /* MapKit.framework in Frameworks */ = {isa = PBXBuildFile; fileRef = F4B6050F17CD5B9C00011355 /* MapKit.framework */; };
		F4B6051217CD5D4500011355 /* CoreLocation.framework in Frameworks */ = {isa = PBXBuildFile; fileRef = F4B6051117CD5D4500011355 /* CoreLocation.framework */; };
		F4E5932916CC298F0057F22D /* WhatWeBelieve.html in Resources */ = {isa = PBXBuildFile; fileRef = F4E5932816CC298F0057F22D /* WhatWeBelieve.html */; };
		F4F6A89618173F780090855D /* ArticleDetailsViewController.m in Sources */ = {isa = PBXBuildFile; fileRef = F4F6A89518173F780090855D /* ArticleDetailsViewController.m */; };
/* End PBXBuildFile section */

/* Begin PBXFileReference section */
		5AF7E34C70B84826BF68DD25 /* Pods.xcconfig */ = {isa = PBXFileReference; includeInIndex = 1; lastKnownFileType = text.xcconfig; name = Pods.xcconfig; path = Pods/Pods.xcconfig; sourceTree = SOURCE_ROOT; };
		662ED47416B259EE00CBDBDA /* WebsiteViewController.h */ = {isa = PBXFileReference; fileEncoding = 4; lastKnownFileType = sourcecode.c.h; path = WebsiteViewController.h; sourceTree = "<group>"; };
		662ED47516B259EE00CBDBDA /* WebsiteViewController.m */ = {isa = PBXFileReference; fileEncoding = 4; lastKnownFileType = sourcecode.c.objc; path = WebsiteViewController.m; sourceTree = "<group>"; };
		6637259F1724BD1F00ED4396 /* MessageUI.framework */ = {isa = PBXFileReference; lastKnownFileType = wrapper.framework; name = MessageUI.framework; path = System/Library/Frameworks/MessageUI.framework; sourceTree = SDKROOT; };
		6684F66616968C970052A9C5 /* SGCC.app */ = {isa = PBXFileReference; explicitFileType = wrapper.application; includeInIndex = 0; path = SGCC.app; sourceTree = BUILT_PRODUCTS_DIR; };
		6684F66916968C970052A9C5 /* UIKit.framework */ = {isa = PBXFileReference; lastKnownFileType = wrapper.framework; name = UIKit.framework; path = System/Library/Frameworks/UIKit.framework; sourceTree = SDKROOT; };
		6684F66B16968C970052A9C5 /* Foundation.framework */ = {isa = PBXFileReference; lastKnownFileType = wrapper.framework; name = Foundation.framework; path = System/Library/Frameworks/Foundation.framework; sourceTree = SDKROOT; };
		6684F66D16968C980052A9C5 /* CoreGraphics.framework */ = {isa = PBXFileReference; lastKnownFileType = wrapper.framework; name = CoreGraphics.framework; path = System/Library/Frameworks/CoreGraphics.framework; sourceTree = SDKROOT; };
		6684F67116968C980052A9C5 /* SGCC-Info.plist */ = {isa = PBXFileReference; lastKnownFileType = text.plist.xml; path = "SGCC-Info.plist"; sourceTree = "<group>"; };
		6684F67316968C980052A9C5 /* en */ = {isa = PBXFileReference; lastKnownFileType = text.plist.strings; name = en; path = en.lproj/InfoPlist.strings; sourceTree = "<group>"; };
		6684F67516968C980052A9C5 /* main.m */ = {isa = PBXFileReference; lastKnownFileType = sourcecode.c.objc; path = main.m; sourceTree = "<group>"; };
		6684F67716968C980052A9C5 /* SGCC-Prefix.pch */ = {isa = PBXFileReference; lastKnownFileType = sourcecode.c.h; path = "SGCC-Prefix.pch"; sourceTree = "<group>"; };
		6684F67816968C980052A9C5 /* AppDelegate.h */ = {isa = PBXFileReference; lastKnownFileType = sourcecode.c.h; path = AppDelegate.h; sourceTree = "<group>"; };
		6684F67916968C980052A9C5 /* AppDelegate.m */ = {isa = PBXFileReference; lastKnownFileType = sourcecode.c.objc; path = AppDelegate.m; sourceTree = "<group>"; };
		6684F68216968C980052A9C5 /* en */ = {isa = PBXFileReference; lastKnownFileType = file.storyboard; name = en; path = en.lproj/MainStoryboard.storyboard; sourceTree = "<group>"; };
		6684F68416968C980052A9C5 /* WelcomeViewController.h */ = {isa = PBXFileReference; lastKnownFileType = sourcecode.c.h; path = WelcomeViewController.h; sourceTree = "<group>"; };
		6684F68516968C980052A9C5 /* WelcomeViewController.m */ = {isa = PBXFileReference; lastKnownFileType = sourcecode.c.objc; path = WelcomeViewController.m; sourceTree = "<group>"; };
		6684F6A7169691C00052A9C5 /* SGCC-README.md */ = {isa = PBXFileReference; fileEncoding = 4; lastKnownFileType = text; path = "SGCC-README.md"; sourceTree = "<group>"; };
		668F5BB418A1B94100045494 /* SermonsTableViewController.h */ = {isa = PBXFileReference; fileEncoding = 4; lastKnownFileType = sourcecode.c.h; path = SermonsTableViewController.h; sourceTree = "<group>"; };
		668F5BB518A1B94100045494 /* SermonsTableViewController.m */ = {isa = PBXFileReference; fileEncoding = 4; lastKnownFileType = sourcecode.c.objc; path = SermonsTableViewController.m; sourceTree = "<group>"; };
		668F5BB718A1BD7700045494 /* Sermon.h */ = {isa = PBXFileReference; fileEncoding = 4; lastKnownFileType = sourcecode.c.h; path = Sermon.h; sourceTree = "<group>"; };
		668F5BB818A1BD7700045494 /* Sermon.m */ = {isa = PBXFileReference; fileEncoding = 4; lastKnownFileType = sourcecode.c.objc; path = Sermon.m; sourceTree = "<group>"; };
		668F5BBA18A1BDF300045494 /* SermonsStore.h */ = {isa = PBXFileReference; fileEncoding = 4; lastKnownFileType = sourcecode.c.h; path = SermonsStore.h; sourceTree = "<group>"; };
		668F5BBB18A1BDF300045494 /* SermonsStore.m */ = {isa = PBXFileReference; fileEncoding = 4; lastKnownFileType = sourcecode.c.objc; path = SermonsStore.m; sourceTree = "<group>"; };
		66C833F218BD4D5800501530 /* SermonsDataSource.h */ = {isa = PBXFileReference; fileEncoding = 4; lastKnownFileType = sourcecode.c.h; path = SermonsDataSource.h; sourceTree = "<group>"; };
		66C833F318BD4D5900501530 /* SermonsDataSource.m */ = {isa = PBXFileReference; fileEncoding = 4; lastKnownFileType = sourcecode.c.objc; path = SermonsDataSource.m; sourceTree = "<group>"; };
		745F0A26D2904F9285583EE4 /* libPods.a */ = {isa = PBXFileReference; explicitFileType = archive.ar; includeInIndex = 0; path = libPods.a; sourceTree = BUILT_PRODUCTS_DIR; };
		F40C13DF17CD6F4200F4ED66 /* ArticlesTableViewController.h */ = {isa = PBXFileReference; fileEncoding = 4; lastKnownFileType = sourcecode.c.h; path = ArticlesTableViewController.h; sourceTree = "<group>"; };
		F40C13E017CD6F4200F4ED66 /* ArticlesTableViewController.m */ = {isa = PBXFileReference; fileEncoding = 4; lastKnownFileType = sourcecode.c.objc; path = ArticlesTableViewController.m; sourceTree = "<group>"; };
		F40C13E317CD71DF00F4ED66 /* ArticlesDataSource.h */ = {isa = PBXFileReference; fileEncoding = 4; lastKnownFileType = sourcecode.c.h; name = ArticlesDataSource.h; path = SGCC/ArticlesDataSource.h; sourceTree = "<group>"; };
		F40C13E417CD71DF00F4ED66 /* ArticlesDataSource.m */ = {isa = PBXFileReference; fileEncoding = 4; lastKnownFileType = sourcecode.c.objc; name = ArticlesDataSource.m; path = SGCC/ArticlesDataSource.m; sourceTree = "<group>"; };
		F42266B1184E93A300DD93BA /* SystemConfiguration.framework */ = {isa = PBXFileReference; lastKnownFileType = wrapper.framework; name = SystemConfiguration.framework; path = System/Library/Frameworks/SystemConfiguration.framework; sourceTree = SDKROOT; };
		F454933E17BAEBC3007CA94D /* TabBarControllerDelegate.h */ = {isa = PBXFileReference; fileEncoding = 4; lastKnownFileType = sourcecode.c.h; path = TabBarControllerDelegate.h; sourceTree = "<group>"; };
		F454933F17BAEBC3007CA94D /* TabBarControllerDelegate.m */ = {isa = PBXFileReference; fileEncoding = 4; lastKnownFileType = sourcecode.c.objc; path = TabBarControllerDelegate.m; sourceTree = "<group>"; };
		F45F39ED17F25A9A00668E4A /* ArticlesStore.h */ = {isa = PBXFileReference; fileEncoding = 4; lastKnownFileType = sourcecode.c.h; name = ArticlesStore.h; path = SGCC/ArticlesStore.h; sourceTree = "<group>"; };
		F45F39EE17F25A9A00668E4A /* ArticlesStore.m */ = {isa = PBXFileReference; fileEncoding = 4; lastKnownFileType = sourcecode.c.objc; name = ArticlesStore.m; path = SGCC/ArticlesStore.m; sourceTree = "<group>"; };
		F4786E98187CC0E20021308A /* Parse.framework */ = {isa = PBXFileReference; lastKnownFileType = wrapper.framework; path = Parse.framework; sourceTree = "<group>"; };
		F4786E9A187CC12C0021308A /* AudioToolbox.framework */ = {isa = PBXFileReference; lastKnownFileType = wrapper.framework; name = AudioToolbox.framework; path = System/Library/Frameworks/AudioToolbox.framework; sourceTree = SDKROOT; };
		F4786E9C187CC1360021308A /* CFNetwork.framework */ = {isa = PBXFileReference; lastKnownFileType = wrapper.framework; name = CFNetwork.framework; path = System/Library/Frameworks/CFNetwork.framework; sourceTree = SDKROOT; };
		F4786E9E187CC1560021308A /* libz.1.1.3.dylib */ = {isa = PBXFileReference; lastKnownFileType = "compiled.mach-o.dylib"; name = libz.1.1.3.dylib; path = usr/lib/libz.1.1.3.dylib; sourceTree = SDKROOT; };
		F4786EA0187CC1600021308A /* MobileCoreServices.framework */ = {isa = PBXFileReference; lastKnownFileType = wrapper.framework; name = MobileCoreServices.framework; path = System/Library/Frameworks/MobileCoreServices.framework; sourceTree = SDKROOT; };
		F4786EA2187CC16D0021308A /* QuartzCore.framework */ = {isa = PBXFileReference; lastKnownFileType = wrapper.framework; name = QuartzCore.framework; path = System/Library/Frameworks/QuartzCore.framework; sourceTree = SDKROOT; };
		F4786EA4187CC1760021308A /* Security.framework */ = {isa = PBXFileReference; lastKnownFileType = wrapper.framework; name = Security.framework; path = System/Library/Frameworks/Security.framework; sourceTree = SDKROOT; };
		F4786EA6187CC1800021308A /* StoreKit.framework */ = {isa = PBXFileReference; lastKnownFileType = wrapper.framework; name = StoreKit.framework; path = System/Library/Frameworks/StoreKit.framework; sourceTree = SDKROOT; };
		F4786EA8187CC4660021308A /* Social.framework */ = {isa = PBXFileReference; lastKnownFileType = wrapper.framework; name = Social.framework; path = System/Library/Frameworks/Social.framework; sourceTree = SDKROOT; };
		F4786EAA187CC4800021308A /* Accounts.framework */ = {isa = PBXFileReference; lastKnownFileType = wrapper.framework; name = Accounts.framework; path = System/Library/Frameworks/Accounts.framework; sourceTree = SDKROOT; };
		F4786EB7187CD9470021308A /* libTestFlight.a */ = {isa = PBXFileReference; lastKnownFileType = archive.ar; path = libTestFlight.a; sourceTree = "<group>"; };
		F4786EB8187CD9470021308A /* README.md */ = {isa = PBXFileReference; fileEncoding = 4; lastKnownFileType = text; path = README.md; sourceTree = "<group>"; };
		F4786EB9187CD9470021308A /* release_notes.md */ = {isa = PBXFileReference; fileEncoding = 4; lastKnownFileType = text; path = release_notes.md; sourceTree = "<group>"; };
		F4786EBA187CD9470021308A /* TestFlight+AsyncLogging.h */ = {isa = PBXFileReference; fileEncoding = 4; lastKnownFileType = sourcecode.c.h; path = "TestFlight+AsyncLogging.h"; sourceTree = "<group>"; };
		F4786EBB187CD9470021308A /* TestFlight+ManualSessions.h */ = {isa = PBXFileReference; fileEncoding = 4; lastKnownFileType = sourcecode.c.h; path = "TestFlight+ManualSessions.h"; sourceTree = "<group>"; };
		F4786EBC187CD9470021308A /* TestFlight.h */ = {isa = PBXFileReference; fileEncoding = 4; lastKnownFileType = sourcecode.c.h; path = TestFlight.h; sourceTree = "<group>"; };
		F47C7135180DF8F9008579A3 /* CoreData.framework */ = {isa = PBXFileReference; lastKnownFileType = wrapper.framework; name = CoreData.framework; path = System/Library/Frameworks/CoreData.framework; sourceTree = SDKROOT; };
		F47C7137181724E2008579A3 /* Article.h */ = {isa = PBXFileReference; fileEncoding = 4; lastKnownFileType = sourcecode.c.h; name = Article.h; path = SGCC.xcworkspace/Article.h; sourceTree = "<group>"; };
		F47C7138181724E2008579A3 /* Article.m */ = {isa = PBXFileReference; fileEncoding = 4; lastKnownFileType = sourcecode.c.objc; name = Article.m; path = SGCC.xcworkspace/Article.m; sourceTree = "<group>"; };
		F483EB1619072ECF0041D1D8 /* DownloadCell.h */ = {isa = PBXFileReference; fileEncoding = 4; lastKnownFileType = sourcecode.c.h; path = DownloadCell.h; sourceTree = "<group>"; };
		F483EB1719072ECF0041D1D8 /* DownloadCell.m */ = {isa = PBXFileReference; fileEncoding = 4; lastKnownFileType = sourcecode.c.objc; path = DownloadCell.m; sourceTree = "<group>"; };
		F4915F4717C4192E00071615 /* AboutUs.rtf */ = {isa = PBXFileReference; fileEncoding = 4; lastKnownFileType = text.rtf; path = AboutUs.rtf; sourceTree = "<group>"; };
		F497C96519354D3D0024848F /* MediaPlayer.framework */ = {isa = PBXFileReference; lastKnownFileType = wrapper.framework; name = MediaPlayer.framework; path = System/Library/Frameworks/MediaPlayer.framework; sourceTree = SDKROOT; };
		F4A2960818F49E7B00D781FE /* AVFoundation.framework */ = {isa = PBXFileReference; lastKnownFileType = wrapper.framework; name = AVFoundation.framework; path = System/Library/Frameworks/AVFoundation.framework; sourceTree = SDKROOT; };
		F4A2960A18F49F0500D781FE /* CoreMedia.framework */ = {isa = PBXFileReference; lastKnownFileType = wrapper.framework; name = CoreMedia.framework; path = System/Library/Frameworks/CoreMedia.framework; sourceTree = SDKROOT; };
		F4A2960F18F4ABC500D781FE /* AudioPlayerViewController.h */ = {isa = PBXFileReference; fileEncoding = 4; lastKnownFileType = sourcecode.c.h; path = AudioPlayerViewController.h; sourceTree = "<group>"; };
		F4A2961018F4ABC500D781FE /* AudioPlayerViewController.m */ = {isa = PBXFileReference; fileEncoding = 4; lastKnownFileType = sourcecode.c.objc; path = AudioPlayerViewController.m; sourceTree = "<group>"; };
		F4B121561804B26E0039BE7E /* Badger.h */ = {isa = PBXFileReference; fileEncoding = 4; lastKnownFileType = sourcecode.c.h; path = Badger.h; sourceTree = "<group>"; };
		F4B121571804B26E0039BE7E /* Badger.m */ = {isa = PBXFileReference; fileEncoding = 4; lastKnownFileType = sourcecode.c.objc; path = Badger.m; sourceTree = "<group>"; };
		F4B1215A1804D0E50039BE7E /* SGCC.xcdatamodel */ = {isa = PBXFileReference; lastKnownFileType = wrapper.xcdatamodel; path = SGCC.xcdatamodel; sourceTree = "<group>"; };
		F4B2AF9C18F4BF740007FE70 /* code_monkey.mp3 */ = {isa = PBXFileReference; lastKnownFileType = audio.mp3; path = code_monkey.mp3; sourceTree = "<group>"; };
		F4B6050A17CD4C6400011355 /* Images.xcassets */ = {isa = PBXFileReference; lastKnownFileType = folder.assetcatalog; path = Images.xcassets; sourceTree = "<group>"; };
		F4B6050C17CD597600011355 /* VisitViewController.h */ = {isa = PBXFileReference; fileEncoding = 4; lastKnownFileType = sourcecode.c.h; path = VisitViewController.h; sourceTree = "<group>"; };
		F4B6050D17CD597600011355 /* VisitViewController.m */ = {isa = PBXFileReference; fileEncoding = 4; lastKnownFileType = sourcecode.c.objc; path = VisitViewController.m; sourceTree = "<group>"; };
		F4B6050F17CD5B9C00011355 /* MapKit.framework */ = {isa = PBXFileReference; lastKnownFileType = wrapper.framework; name = MapKit.framework; path = System/Library/Frameworks/MapKit.framework; sourceTree = SDKROOT; };
		F4B6051117CD5D4500011355 /* CoreLocation.framework */ = {isa = PBXFileReference; lastKnownFileType = wrapper.framework; name = CoreLocation.framework; path = System/Library/Frameworks/CoreLocation.framework; sourceTree = SDKROOT; };
		F4E5932816CC298F0057F22D /* WhatWeBelieve.html */ = {isa = PBXFileReference; fileEncoding = 4; lastKnownFileType = text.html; path = WhatWeBelieve.html; sourceTree = "<group>"; };
		F4F6A89418173F780090855D /* ArticleDetailsViewController.h */ = {isa = PBXFileReference; fileEncoding = 4; lastKnownFileType = sourcecode.c.h; path = ArticleDetailsViewController.h; sourceTree = "<group>"; };
		F4F6A89518173F780090855D /* ArticleDetailsViewController.m */ = {isa = PBXFileReference; fileEncoding = 4; lastKnownFileType = sourcecode.c.objc; path = ArticleDetailsViewController.m; sourceTree = "<group>"; };
/* End PBXFileReference section */

/* Begin PBXFrameworksBuildPhase section */
		6684F66316968C970052A9C5 /* Frameworks */ = {
			isa = PBXFrameworksBuildPhase;
			buildActionMask = 2147483647;
			files = (
				F497C96619354D3D0024848F /* MediaPlayer.framework in Frameworks */,
				F4A2960B18F49F0500D781FE /* CoreMedia.framework in Frameworks */,
				F4A2960918F49E7B00D781FE /* AVFoundation.framework in Frameworks */,
				F4786EA7187CC1800021308A /* StoreKit.framework in Frameworks */,
				F4786EA5187CC1770021308A /* Security.framework in Frameworks */,
				F4786EA3187CC16D0021308A /* QuartzCore.framework in Frameworks */,
				F4786EA1187CC1600021308A /* MobileCoreServices.framework in Frameworks */,
				F4786E9F187CC1560021308A /* libz.1.1.3.dylib in Frameworks */,
				6684F66E16968C980052A9C5 /* CoreGraphics.framework in Frameworks */,
				F4786E9D187CC1360021308A /* CFNetwork.framework in Frameworks */,
				F4786E9B187CC12C0021308A /* AudioToolbox.framework in Frameworks */,
				F42266B2184E93A300DD93BA /* SystemConfiguration.framework in Frameworks */,
				F4786EBD187CD9470021308A /* libTestFlight.a in Frameworks */,
				F47C7136180DF8F9008579A3 /* CoreData.framework in Frameworks */,
				F4B6051217CD5D4500011355 /* CoreLocation.framework in Frameworks */,
				F4B6051017CD5B9C00011355 /* MapKit.framework in Frameworks */,
				F4786E99187CC0E20021308A /* Parse.framework in Frameworks */,
				663725A01724BD1F00ED4396 /* MessageUI.framework in Frameworks */,
				6684F66A16968C970052A9C5 /* UIKit.framework in Frameworks */,
				6684F66C16968C980052A9C5 /* Foundation.framework in Frameworks */,
				7199BF7DC8A240819885BC13 /* libPods.a in Frameworks */,
			);
			runOnlyForDeploymentPostprocessing = 0;
		};
/* End PBXFrameworksBuildPhase section */

/* Begin PBXGroup section */
		6616DAB916B4A04900413D45 /* Controllers */ = {
			isa = PBXGroup;
			children = (
				F4A2960F18F4ABC500D781FE /* AudioPlayerViewController.h */,
				F4A2961018F4ABC500D781FE /* AudioPlayerViewController.m */,
				F4F6A89418173F780090855D /* ArticleDetailsViewController.h */,
				F4F6A89518173F780090855D /* ArticleDetailsViewController.m */,
				F40C13DF17CD6F4200F4ED66 /* ArticlesTableViewController.h */,
				F40C13E017CD6F4200F4ED66 /* ArticlesTableViewController.m */,
				F4B6050C17CD597600011355 /* VisitViewController.h */,
				F4B6050D17CD597600011355 /* VisitViewController.m */,
				6684F68416968C980052A9C5 /* WelcomeViewController.h */,
				6684F68516968C980052A9C5 /* WelcomeViewController.m */,
				662ED47416B259EE00CBDBDA /* WebsiteViewController.h */,
				662ED47516B259EE00CBDBDA /* WebsiteViewController.m */,
				668F5BB418A1B94100045494 /* SermonsTableViewController.h */,
				668F5BB518A1B94100045494 /* SermonsTableViewController.m */,
			);
			name = Controllers;
			sourceTree = "<group>";
		};
		6684F65D16968C970052A9C5 = {
			isa = PBXGroup;
			children = (
				6684F6A7169691C00052A9C5 /* SGCC-README.md */,
				F4786EB6187CD9470021308A /* TestFlightSDK2.2.0 */,
				6684F66F16968C980052A9C5 /* SGCC */,
				6684F66816968C970052A9C5 /* Frameworks */,
				6684F66716968C970052A9C5 /* Products */,
				5AF7E34C70B84826BF68DD25 /* Pods.xcconfig */,
			);
			sourceTree = "<group>";
		};
		6684F66716968C970052A9C5 /* Products */ = {
			isa = PBXGroup;
			children = (
				6684F66616968C970052A9C5 /* SGCC.app */,
			);
			name = Products;
			sourceTree = "<group>";
		};
		6684F66816968C970052A9C5 /* Frameworks */ = {
			isa = PBXGroup;
			children = (
				F497C96519354D3D0024848F /* MediaPlayer.framework */,
				F4A2960A18F49F0500D781FE /* CoreMedia.framework */,
				F4A2960818F49E7B00D781FE /* AVFoundation.framework */,
				F4786EAA187CC4800021308A /* Accounts.framework */,
				F4786EA8187CC4660021308A /* Social.framework */,
				F4786EA6187CC1800021308A /* StoreKit.framework */,
				F4786EA4187CC1760021308A /* Security.framework */,
				F4786EA2187CC16D0021308A /* QuartzCore.framework */,
				F4786EA0187CC1600021308A /* MobileCoreServices.framework */,
				F4786E9E187CC1560021308A /* libz.1.1.3.dylib */,
				F4786E9C187CC1360021308A /* CFNetwork.framework */,
				F4786E9A187CC12C0021308A /* AudioToolbox.framework */,
				F4786E98187CC0E20021308A /* Parse.framework */,
				F42266B1184E93A300DD93BA /* SystemConfiguration.framework */,
				F47C7135180DF8F9008579A3 /* CoreData.framework */,
				F4B6051117CD5D4500011355 /* CoreLocation.framework */,
				F4B6050F17CD5B9C00011355 /* MapKit.framework */,
				6637259F1724BD1F00ED4396 /* MessageUI.framework */,
				6684F66916968C970052A9C5 /* UIKit.framework */,
				6684F66B16968C970052A9C5 /* Foundation.framework */,
				6684F66D16968C980052A9C5 /* CoreGraphics.framework */,
				745F0A26D2904F9285583EE4 /* libPods.a */,
			);
			name = Frameworks;
			sourceTree = "<group>";
		};
		6684F66F16968C980052A9C5 /* SGCC */ = {
			isa = PBXGroup;
			children = (
				F483EB1519072E450041D1D8 /* Views */,
				F4A2960E18F4A15700D781FE /* Audio Files */,
				F4A76CFF17D6D49F00C35084 /* Models */,
				F45F39EC17F25A5800668E4A /* Stores */,
				F40C13E217CD71AA00F4ED66 /* Data Sources */,
				F454933E17BAEBC3007CA94D /* TabBarControllerDelegate.h */,
				F454933F17BAEBC3007CA94D /* TabBarControllerDelegate.m */,
				6616DAB916B4A04900413D45 /* Controllers */,
				6684F67816968C980052A9C5 /* AppDelegate.h */,
				6684F67916968C980052A9C5 /* AppDelegate.m */,
				6684F68116968C980052A9C5 /* MainStoryboard.storyboard */,
				F4B121561804B26E0039BE7E /* Badger.h */,
				F4B121571804B26E0039BE7E /* Badger.m */,
				F4B6050A17CD4C6400011355 /* Images.xcassets */,
				6684F67016968C980052A9C5 /* Supporting Files */,
			);
			path = SGCC;
			sourceTree = "<group>";
		};
		6684F67016968C980052A9C5 /* Supporting Files */ = {
			isa = PBXGroup;
			children = (
				F4915F4717C4192E00071615 /* AboutUs.rtf */,
				F4E5932816CC298F0057F22D /* WhatWeBelieve.html */,
				6684F67116968C980052A9C5 /* SGCC-Info.plist */,
				6684F67216968C980052A9C5 /* InfoPlist.strings */,
				6684F67516968C980052A9C5 /* main.m */,
				6684F67716968C980052A9C5 /* SGCC-Prefix.pch */,
			);
			name = "Supporting Files";
			sourceTree = "<group>";
		};
		F40C13E217CD71AA00F4ED66 /* Data Sources */ = {
			isa = PBXGroup;
			children = (
				F40C13E317CD71DF00F4ED66 /* ArticlesDataSource.h */,
				F40C13E417CD71DF00F4ED66 /* ArticlesDataSource.m */,
				66C833F218BD4D5800501530 /* SermonsDataSource.h */,
				66C833F318BD4D5900501530 /* SermonsDataSource.m */,
			);
			name = "Data Sources";
			path = ..;
			sourceTree = "<group>";
		};
		F45F39EC17F25A5800668E4A /* Stores */ = {
			isa = PBXGroup;
			children = (
				F45F39ED17F25A9A00668E4A /* ArticlesStore.h */,
				F45F39EE17F25A9A00668E4A /* ArticlesStore.m */,
				668F5BBA18A1BDF300045494 /* SermonsStore.h */,
				668F5BBB18A1BDF300045494 /* SermonsStore.m */,
			);
			name = Stores;
			path = ..;
			sourceTree = "<group>";
		};
		F4786EB6187CD9470021308A /* TestFlightSDK2.2.0 */ = {
			isa = PBXGroup;
			children = (
				F4786EB7187CD9470021308A /* libTestFlight.a */,
				F4786EB8187CD9470021308A /* README.md */,
				F4786EB9187CD9470021308A /* release_notes.md */,
				F4786EBA187CD9470021308A /* TestFlight+AsyncLogging.h */,
				F4786EBB187CD9470021308A /* TestFlight+ManualSessions.h */,
				F4786EBC187CD9470021308A /* TestFlight.h */,
			);
			path = TestFlightSDK2.2.0;
			sourceTree = "<group>";
		};
		F483EB1519072E450041D1D8 /* Views */ = {
			isa = PBXGroup;
			children = (
				F483EB1619072ECF0041D1D8 /* DownloadCell.h */,
				F483EB1719072ECF0041D1D8 /* DownloadCell.m */,
			);
			name = Views;
			sourceTree = "<group>";
		};
		F4A2960E18F4A15700D781FE /* Audio Files */ = {
			isa = PBXGroup;
			children = (
				F4B2AF9C18F4BF740007FE70 /* code_monkey.mp3 */,
			);
			name = "Audio Files";
			sourceTree = "<group>";
		};
		F4A76CFF17D6D49F00C35084 /* Models */ = {
			isa = PBXGroup;
			children = (
				F4B121591804D0E50039BE7E /* SGCC.xcdatamodeld */,
				668F5BB718A1BD7700045494 /* Sermon.h */,
				668F5BB818A1BD7700045494 /* Sermon.m */,
				F47C7137181724E2008579A3 /* Article.h */,
				F47C7138181724E2008579A3 /* Article.m */,
			);
			name = Models;
			path = ..;
			sourceTree = "<group>";
		};
/* End PBXGroup section */

/* Begin PBXNativeTarget section */
		6684F66516968C970052A9C5 /* SGCC */ = {
			isa = PBXNativeTarget;
			buildConfigurationList = 6684F69416968C980052A9C5 /* Build configuration list for PBXNativeTarget "SGCC" */;
			buildPhases = (
				BE54D523BB084F86AE05868F /* Check Pods Manifest.lock */,
				6684F66216968C970052A9C5 /* Sources */,
				6684F66316968C970052A9C5 /* Frameworks */,
				6684F66416968C970052A9C5 /* Resources */,
				053B34286F014EFDB0F2BDF0 /* Copy Pods Resources */,
			);
			buildRules = (
			);
			dependencies = (
			);
			name = SGCC;
			productName = SGCC;
			productReference = 6684F66616968C970052A9C5 /* SGCC.app */;
			productType = "com.apple.product-type.application";
		};
/* End PBXNativeTarget section */

/* Begin PBXProject section */
		6684F65E16968C970052A9C5 /* Project object */ = {
			isa = PBXProject;
			attributes = {
				LastUpgradeCheck = 0510;
				ORGANIZATIONNAME = "Johnathan Pulos";
				TargetAttributes = {
					6684F66516968C970052A9C5 = {
						DevelopmentTeam = KZ6Q6NH9AJ;
						SystemCapabilities = {
							com.apple.BackgroundModes = {
								enabled = 1;
							};
						};
					};
				};
			};
			buildConfigurationList = 6684F66116968C970052A9C5 /* Build configuration list for PBXProject "SGCC" */;
			compatibilityVersion = "Xcode 3.2";
			developmentRegion = English;
			hasScannedForEncodings = 0;
			knownRegions = (
				en,
			);
			mainGroup = 6684F65D16968C970052A9C5;
			productRefGroup = 6684F66716968C970052A9C5 /* Products */;
			projectDirPath = "";
			projectRoot = "";
			targets = (
				6684F66516968C970052A9C5 /* SGCC */,
			);
		};
/* End PBXProject section */

/* Begin PBXResourcesBuildPhase section */
		6684F66416968C970052A9C5 /* Resources */ = {
			isa = PBXResourcesBuildPhase;
			buildActionMask = 2147483647;
			files = (
				F4786EBF187CD9470021308A /* release_notes.md in Resources */,
				6684F67416968C980052A9C5 /* InfoPlist.strings in Resources */,
				6684F68316968C980052A9C5 /* MainStoryboard.storyboard in Resources */,
				F4915F4817C4192E00071615 /* AboutUs.rtf in Resources */,
				F4786EBE187CD9470021308A /* README.md in Resources */,
				F4B2AF9D18F4BF740007FE70 /* code_monkey.mp3 in Resources */,
				6684F6A8169691C00052A9C5 /* SGCC-README.md in Resources */,
				F4B6050B17CD4C6400011355 /* Images.xcassets in Resources */,
				F4E5932916CC298F0057F22D /* WhatWeBelieve.html in Resources */,
			);
			runOnlyForDeploymentPostprocessing = 0;
		};
/* End PBXResourcesBuildPhase section */

/* Begin PBXShellScriptBuildPhase section */
		053B34286F014EFDB0F2BDF0 /* Copy Pods Resources */ = {
			isa = PBXShellScriptBuildPhase;
			buildActionMask = 2147483647;
			files = (
			);
			inputPaths = (
			);
			name = "Copy Pods Resources";
			outputPaths = (
			);
			runOnlyForDeploymentPostprocessing = 0;
			shellPath = /bin/sh;
			shellScript = "\"${SRCROOT}/Pods/Pods-resources.sh\"\n";
			showEnvVarsInLog = 0;
		};
		BE54D523BB084F86AE05868F /* Check Pods Manifest.lock */ = {
			isa = PBXShellScriptBuildPhase;
			buildActionMask = 2147483647;
			files = (
			);
			inputPaths = (
			);
			name = "Check Pods Manifest.lock";
			outputPaths = (
			);
			runOnlyForDeploymentPostprocessing = 0;
			shellPath = /bin/sh;
			shellScript = "diff \"${PODS_ROOT}/../Podfile.lock\" \"${PODS_ROOT}/Manifest.lock\" > /dev/null\nif [[ $? != 0 ]] ; then\n    cat << EOM\nerror: The sandbox is not in sync with the Podfile.lock. Run 'pod install' or update your CocoaPods installation.\nEOM\n    exit 1\nfi\n";
			showEnvVarsInLog = 0;
		};
/* End PBXShellScriptBuildPhase section */

/* Begin PBXSourcesBuildPhase section */
		6684F66216968C970052A9C5 /* Sources */ = {
			isa = PBXSourcesBuildPhase;
			buildActionMask = 2147483647;
			files = (
				6684F67616968C980052A9C5 /* main.m in Sources */,
				F40C13E517CD71DF00F4ED66 /* ArticlesDataSource.m in Sources */,
				F45F39EF17F25A9A00668E4A /* ArticlesStore.m in Sources */,
				F4B6050E17CD597600011355 /* VisitViewController.m in Sources */,
				F4B1215B1804D0E50039BE7E /* SGCC.xcdatamodeld in Sources */,
				F47C7139181724E2008579A3 /* Article.m in Sources */,
				F40C13E117CD6F4200F4ED66 /* ArticlesTableViewController.m in Sources */,
				F4B121581804B26E0039BE7E /* Badger.m in Sources */,
				F4F6A89618173F780090855D /* ArticleDetailsViewController.m in Sources */,
				6684F67A16968C980052A9C5 /* AppDelegate.m in Sources */,
				6684F68616968C980052A9C5 /* WelcomeViewController.m in Sources */,
				662ED47616B259EE00CBDBDA /* WebsiteViewController.m in Sources */,
				668F5BB918A1BD7700045494 /* Sermon.m in Sources */,
				668F5BBC18A1BDF400045494 /* SermonsStore.m in Sources */,
				F4A2961118F4ABC500D781FE /* AudioPlayerViewController.m in Sources */,
				66C833F418BD4D5900501530 /* SermonsDataSource.m in Sources */,
				F454934017BAEBC3007CA94D /* TabBarControllerDelegate.m in Sources */,
				F483EB1819072ECF0041D1D8 /* DownloadCell.m in Sources */,
				668F5BB618A1B94100045494 /* SermonsTableViewController.m in Sources */,
			);
			runOnlyForDeploymentPostprocessing = 0;
		};
/* End PBXSourcesBuildPhase section */

/* Begin PBXVariantGroup section */
		6684F67216968C980052A9C5 /* InfoPlist.strings */ = {
			isa = PBXVariantGroup;
			children = (
				6684F67316968C980052A9C5 /* en */,
			);
			name = InfoPlist.strings;
			sourceTree = "<group>";
		};
		6684F68116968C980052A9C5 /* MainStoryboard.storyboard */ = {
			isa = PBXVariantGroup;
			children = (
				6684F68216968C980052A9C5 /* en */,
			);
			name = MainStoryboard.storyboard;
			sourceTree = "<group>";
		};
/* End PBXVariantGroup section */

/* Begin XCBuildConfiguration section */
		6684F69216968C980052A9C5 /* Debug */ = {
			isa = XCBuildConfiguration;
			buildSettings = {
				ALWAYS_SEARCH_USER_PATHS = NO;
				CLANG_CXX_LANGUAGE_STANDARD = "gnu++0x";
				CLANG_CXX_LIBRARY = "libc++";
				CLANG_ENABLE_OBJC_ARC = YES;
				CLANG_WARN_CONSTANT_CONVERSION = YES;
				CLANG_WARN_EMPTY_BODY = YES;
				CLANG_WARN_ENUM_CONVERSION = YES;
				CLANG_WARN_INT_CONVERSION = YES;
				CLANG_WARN__DUPLICATE_METHOD_MATCH = YES;
				CODE_SIGN_IDENTITY = "iPhone Distribution: Johnathan Pulos (9Q3BRUN73E)";
				"CODE_SIGN_IDENTITY[sdk=iphoneos*]" = "iPhone Distribution: Johnathan Pulos (9Q3BRUN73E)";
				COPY_PHASE_STRIP = NO;
				GCC_C_LANGUAGE_STANDARD = gnu99;
				GCC_DYNAMIC_NO_PIC = NO;
				GCC_OPTIMIZATION_LEVEL = 0;
				GCC_PREPROCESSOR_DEFINITIONS = (
					"DEBUG=1",
					"$(inherited)",
				);
				GCC_SYMBOLS_PRIVATE_EXTERN = NO;
				GCC_WARN_ABOUT_RETURN_TYPE = YES;
				GCC_WARN_UNINITIALIZED_AUTOS = YES;
				GCC_WARN_UNUSED_VARIABLE = YES;
				IPHONEOS_DEPLOYMENT_TARGET = 7.0;
				ONLY_ACTIVE_ARCH = YES;
				SDKROOT = iphoneos;
			};
			name = Debug;
		};
		6684F69316968C980052A9C5 /* Release */ = {
			isa = XCBuildConfiguration;
			buildSettings = {
				ALWAYS_SEARCH_USER_PATHS = NO;
				CLANG_CXX_LANGUAGE_STANDARD = "gnu++0x";
				CLANG_CXX_LIBRARY = "libc++";
				CLANG_ENABLE_OBJC_ARC = YES;
				CLANG_WARN_CONSTANT_CONVERSION = YES;
				CLANG_WARN_EMPTY_BODY = YES;
				CLANG_WARN_ENUM_CONVERSION = YES;
				CLANG_WARN_INT_CONVERSION = YES;
				CLANG_WARN__DUPLICATE_METHOD_MATCH = YES;
				CODE_SIGN_IDENTITY = "iPhone Distribution: Johnathan Pulos (9Q3BRUN73E)";
				"CODE_SIGN_IDENTITY[sdk=iphoneos*]" = "iPhone Distribution: Johnathan Pulos (9Q3BRUN73E)";
				COPY_PHASE_STRIP = YES;
				GCC_C_LANGUAGE_STANDARD = gnu99;
				GCC_WARN_ABOUT_RETURN_TYPE = YES;
				GCC_WARN_UNINITIALIZED_AUTOS = YES;
				GCC_WARN_UNUSED_VARIABLE = YES;
				IPHONEOS_DEPLOYMENT_TARGET = 7.0;
				OTHER_CFLAGS = "-DNS_BLOCK_ASSERTIONS=1";
				SDKROOT = iphoneos;
				VALIDATE_PRODUCT = YES;
			};
			name = Release;
		};
		6684F69516968C980052A9C5 /* Debug */ = {
			isa = XCBuildConfiguration;
			baseConfigurationReference = 5AF7E34C70B84826BF68DD25 /* Pods.xcconfig */;
			buildSettings = {
				ASSETCATALOG_COMPILER_APPICON_NAME = AppIcon;
				ASSETCATALOG_COMPILER_LAUNCHIMAGE_NAME = LaunchImage;
				CODE_SIGN_IDENTITY = "iPhone Developer";
				"CODE_SIGN_IDENTITY[sdk=iphoneos*]" = "iPhone Developer";
				FRAMEWORK_SEARCH_PATHS = (
					"$(inherited)",
					"$(PROJECT_DIR)",
				);
				GCC_PRECOMPILE_PREFIX_HEADER = YES;
				GCC_PREFIX_HEADER = "SGCC/SGCC-Prefix.pch";
				INFOPLIST_FILE = "SGCC/SGCC-Info.plist";
				IPHONEOS_DEPLOYMENT_TARGET = 7.0;
				LIBRARY_SEARCH_PATHS = (
					"$(inherited)",
					"$(PROJECT_DIR)/TestFlightSDK2.2.0",
				);
				OTHER_LDFLAGS = (
					"-framework",
					CoreGraphics,
					"-framework",
					MobileCoreServices,
					"-framework",
					Security,
					"-framework",
					SystemConfiguration,
				);
				PRODUCT_NAME = "$(TARGET_NAME)";
				PROVISIONING_PROFILE = "";
				SDKROOT = iphoneos;
				WRAPPER_EXTENSION = app;
			};
			name = Debug;
		};
		6684F69616968C980052A9C5 /* Release */ = {
			isa = XCBuildConfiguration;
			baseConfigurationReference = 5AF7E34C70B84826BF68DD25 /* Pods.xcconfig */;
			buildSettings = {
				ASSETCATALOG_COMPILER_APPICON_NAME = AppIcon;
				ASSETCATALOG_COMPILER_LAUNCHIMAGE_NAME = LaunchImage;
				CODE_SIGN_IDENTITY = "iPhone Developer";
				"CODE_SIGN_IDENTITY[sdk=iphoneos*]" = "iPhone Developer";
				FRAMEWORK_SEARCH_PATHS = (
					"$(inherited)",
					"$(PROJECT_DIR)",
				);
				GCC_PRECOMPILE_PREFIX_HEADER = YES;
				GCC_PREFIX_HEADER = "SGCC/SGCC-Prefix.pch";
				INFOPLIST_FILE = "SGCC/SGCC-Info.plist";
				IPHONEOS_DEPLOYMENT_TARGET = 7.0;
				LIBRARY_SEARCH_PATHS = (
					"$(inherited)",
					"$(PROJECT_DIR)/TestFlightSDK2.2.0",
				);
				OTHER_LDFLAGS = (
					"-framework",
					CoreGraphics,
					"-framework",
					MobileCoreServices,
					"-framework",
					Security,
					"-framework",
					SystemConfiguration,
				);
				PRODUCT_NAME = "$(TARGET_NAME)";
				PROVISIONING_PROFILE = "";
				SDKROOT = iphoneos;
				WRAPPER_EXTENSION = app;
			};
			name = Release;
		};
/* End XCBuildConfiguration section */

/* Begin XCConfigurationList section */
		6684F66116968C970052A9C5 /* Build configuration list for PBXProject "SGCC" */ = {
			isa = XCConfigurationList;
			buildConfigurations = (
				6684F69216968C980052A9C5 /* Debug */,
				6684F69316968C980052A9C5 /* Release */,
			);
			defaultConfigurationIsVisible = 0;
			defaultConfigurationName = Release;
		};
		6684F69416968C980052A9C5 /* Build configuration list for PBXNativeTarget "SGCC" */ = {
			isa = XCConfigurationList;
			buildConfigurations = (
				6684F69516968C980052A9C5 /* Debug */,
				6684F69616968C980052A9C5 /* Release */,
			);
			defaultConfigurationIsVisible = 0;
			defaultConfigurationName = Release;
		};
/* End XCConfigurationList section */

/* Begin XCVersionGroup section */
		F4B121591804D0E50039BE7E /* SGCC.xcdatamodeld */ = {
			isa = XCVersionGroup;
			children = (
				F4B1215A1804D0E50039BE7E /* SGCC.xcdatamodel */,
			);
			currentVersion = F4B1215A1804D0E50039BE7E /* SGCC.xcdatamodel */;
			path = SGCC.xcdatamodeld;
			sourceTree = "<group>";
			versionGroupType = wrapper.xcdatamodel;
		};
/* End XCVersionGroup section */
	};
	rootObject = 6684F65E16968C970052A9C5 /* Project object */;
}
